{
  "nodes": {
    "fenix": {
      "inputs": {
        "nixpkgs": [
          "nixpkgs"
        ],
        "rust-analyzer-src": "rust-analyzer-src"
      },
      "locked": {
        "lastModified": 1763880175,
        "narHash": "sha256-WfItZn6duisxCxyltbu7Hs7kxzNeylgZGOwCYwHe26g=",
        "owner": "nix-community",
        "repo": "fenix",
        "rev": "a563f057979806c59da53070297502eb7af22f62",
        "type": "github"
      },
      "original": {
        "owner": "nix-community",
        "repo": "fenix",
        "type": "github"
      }
    },
    "nixpkgs": {
      "locked": {
        "lastModified": 1763966396,
        "narHash": "sha256-6eeL1YPcY1MV3DDStIDIdy/zZCDKgHdkCmsrLJFiZf0=",
        "rev": "5ae3b07d8d6527c42f17c876e404993199144b6a",
        "revCount": 901419,
        "type": "tarball",
        "url": "https://api.flakehub.com/f/pinned/NixOS/nixpkgs/0.1.901419%2Brev-5ae3b07d8d6527c42f17c876e404993199144b6a/019abb3c-8b65-7e43-ade7-cba097e333a6/source.tar.gz"
      },
      "original": {
        "type": "tarball",
        "url": "https://flakehub.com/f/NixOS/nixpkgs/0.1"
      }
    },
    "root": {
      "inputs": {
        "fenix": "fenix",
        "nixpkgs": "nixpkgs"
      }
    },
    "rust-analyzer-src": {
      "flake": false,
      "locked": {
        "lastModified": 1763846202,
        "narHash": "sha256-f5PvQONttEQCjnQ52zAEVJvXDZ5l2gbItLfDyfcyGgk=",
        "owner": "rust-lang",
        "repo": "rust-analyzer",
        "rev": "50621856a594a357c3aff0c5176ba8db4118133d",
        "type": "github"
      },
      "original": {
        "owner": "rust-lang",
        "ref": "nightly",
        "repo": "rust-analyzer",
        "type": "github"
      }
    }
  },
  "root": "root",
  "version": 7
}
